
Microsoft Visual Studio Solution File, Format Version 12.00
# Visual Studio Version 17
VisualStudioVersion = 17.1.32319.34
MinimumVisualStudioVersion = 10.0.40219.1
Project("{9A19103F-16F7-4668-BE54-9A1E7A4F7556}") = "API.CoinList.Acceptance", "API.CoinList.Acceptance.csproj", "{D49BA341-7198-4A8D-B991-9F8074E88F57}"
EndProject
Global
	GlobalSection(SolutionConfigurationPlatforms) = preSolution
		Debug|Any CPU = Debug|Any CPU
		Release|Any CPU = Release|Any CPU
	EndGlobalSection
	GlobalSection(ProjectConfigurationPlatforms) = postSolution
		{D49BA341-7198-4A8D-B991-9F8074E88F57}.Debug|Any CPU.ActiveCfg = Debug|Any CPU
		{D49BA341-7198-4A8D-B991-9F8074E88F57}.Debug|Any CPU.Build.0 = Debug|Any CPU
		{D49BA341-7198-4A8D-B991-9F8074E88F57}.Release|Any CPU.ActiveCfg = Release|Any CPU
		{D49BA341-7198-4A8D-B991-9F8074E88F57}.Release|Any CPU.Build.0 = Release|Any CPU
	EndGlobalSection
	GlobalSection(SolutionProperties) = preSolution
		HideSolutionNode = FALSE
	EndGlobalSection
	GlobalSection(ExtensibilityGlobals) = postSolution
		SolutionGuid = {628B569B-613F-436B-91D2-A10ABD363AC2}
	EndGlobalSection
EndGlobal
