
Microsoft Visual Studio Solution File, Format Version 12.00
# Visual Studio Version 17
VisualStudioVersion = 17.1.32319.34
MinimumVisualStudioVersion = 10.0.40219.1
Project("{2150E333-8FDC-42A3-9474-1A3956D46DE8}") = "src", "src", "{DD9F18C2-ED2B-4A2F-881F-7B9905444A59}"
EndProject
Project("{2150E333-8FDC-42A3-9474-1A3956D46DE8}") = "tests", "tests", "{8B2637E6-0955-44E5-AC46-D150A83DE172}"
EndProject
Project("{2150E333-8FDC-42A3-9474-1A3956D46DE8}") = "CoinTracker.API.CoinList", "CoinTracker.API.CoinList", "{2FE8206C-98AA-491B-921B-46BECEDF5232}"
EndProject
Project("{9A19103F-16F7-4668-BE54-9A1E7A4F7556}") = "CoinTracker.API.CoinList.Application", "src\CoinTracker.API.CoinList\CoinTracker.API.CoinList.Application\CoinTracker.API.CoinList.Application.csproj", "{B89FDCAC-A8E1-4647-B44D-D2CAACFD7275}"
EndProject
Project("{9A19103F-16F7-4668-BE54-9A1E7A4F7556}") = "CoinTracker.API.CoinList.Controllers", "src\CoinTracker.API.CoinList\CoinTracker.API.CoinList.Controllers\CoinTracker.API.CoinList.Controllers.csproj", "{840F8817-EF5E-45CF-A5B7-E7337CE1EC5F}"
EndProject
Project("{9A19103F-16F7-4668-BE54-9A1E7A4F7556}") = "CoinTracker.API.CoinList.Domain", "src\CoinTracker.API.CoinList\CoinTracker.API.CoinList.Domain\CoinTracker.API.CoinList.Domain.csproj", "{31F4D140-3896-4170-9B01-A1BE595540CD}"
EndProject
Project("{9A19103F-16F7-4668-BE54-9A1E7A4F7556}") = "CoinTracker.Api.CoinList.Infrastructure", "src\CoinTracker.API.CoinList\CoinTracker.Api.CoinList.Infrastructure\CoinTracker.Api.CoinList.Infrastructure.csproj", "{F4D3A3DD-870B-4AD7-BBC7-42829208AF96}"
EndProject
Project("{9A19103F-16F7-4668-BE54-9A1E7A4F7556}") = "CoinTracker.API.CoinList.UnitTests", "tests\CoinTracker.API.CoinList.UnitTests\CoinTracker.API.CoinList.UnitTests.csproj", "{489F3B30-7A39-4B7D-8BC0-22748E71A16D}"
EndProject
Project("{9A19103F-16F7-4668-BE54-9A1E7A4F7556}") = "CoinTracker.API.CoinList.Acceptance", "tests\CoinTracker.API.CoinList.Acceptance\CoinTracker.API.CoinList.Acceptance.csproj", "{B0E5B96A-6F33-441D-9D9C-FB575CB459CD}"
EndProject
Project("{E53339B2-1760-4266-BCC7-CA923CBCF16C}") = "docker-compose", "docker-compose.dcproj", "{600640B0-5017-4C1B-9B64-2E3199218171}"
EndProject
Global
	GlobalSection(SolutionConfigurationPlatforms) = preSolution
		Debug|Any CPU = Debug|Any CPU
		Release|Any CPU = Release|Any CPU
	EndGlobalSection
	GlobalSection(ProjectConfigurationPlatforms) = postSolution
		{B89FDCAC-A8E1-4647-B44D-D2CAACFD7275}.Debug|Any CPU.ActiveCfg = Debug|Any CPU
		{B89FDCAC-A8E1-4647-B44D-D2CAACFD7275}.Debug|Any CPU.Build.0 = Debug|Any CPU
		{B89FDCAC-A8E1-4647-B44D-D2CAACFD7275}.Release|Any CPU.ActiveCfg = Release|Any CPU
		{B89FDCAC-A8E1-4647-B44D-D2CAACFD7275}.Release|Any CPU.Build.0 = Release|Any CPU
		{840F8817-EF5E-45CF-A5B7-E7337CE1EC5F}.Debug|Any CPU.ActiveCfg = Debug|Any CPU
		{840F8817-EF5E-45CF-A5B7-E7337CE1EC5F}.Debug|Any CPU.Build.0 = Debug|Any CPU
		{840F8817-EF5E-45CF-A5B7-E7337CE1EC5F}.Release|Any CPU.ActiveCfg = Release|Any CPU
		{840F8817-EF5E-45CF-A5B7-E7337CE1EC5F}.Release|Any CPU.Build.0 = Release|Any CPU
		{31F4D140-3896-4170-9B01-A1BE595540CD}.Debug|Any CPU.ActiveCfg = Debug|Any CPU
		{31F4D140-3896-4170-9B01-A1BE595540CD}.Debug|Any CPU.Build.0 = Debug|Any CPU
		{31F4D140-3896-4170-9B01-A1BE595540CD}.Release|Any CPU.ActiveCfg = Release|Any CPU
		{31F4D140-3896-4170-9B01-A1BE595540CD}.Release|Any CPU.Build.0 = Release|Any CPU
		{F4D3A3DD-870B-4AD7-BBC7-42829208AF96}.Debug|Any CPU.ActiveCfg = Debug|Any CPU
		{F4D3A3DD-870B-4AD7-BBC7-42829208AF96}.Debug|Any CPU.Build.0 = Debug|Any CPU
		{F4D3A3DD-870B-4AD7-BBC7-42829208AF96}.Release|Any CPU.ActiveCfg = Release|Any CPU
		{F4D3A3DD-870B-4AD7-BBC7-42829208AF96}.Release|Any CPU.Build.0 = Release|Any CPU
		{489F3B30-7A39-4B7D-8BC0-22748E71A16D}.Debug|Any CPU.ActiveCfg = Debug|Any CPU
		{489F3B30-7A39-4B7D-8BC0-22748E71A16D}.Debug|Any CPU.Build.0 = Debug|Any CPU
		{489F3B30-7A39-4B7D-8BC0-22748E71A16D}.Release|Any CPU.ActiveCfg = Release|Any CPU
		{489F3B30-7A39-4B7D-8BC0-22748E71A16D}.Release|Any CPU.Build.0 = Release|Any CPU
		{B0E5B96A-6F33-441D-9D9C-FB575CB459CD}.Debug|Any CPU.ActiveCfg = Debug|Any CPU
		{B0E5B96A-6F33-441D-9D9C-FB575CB459CD}.Debug|Any CPU.Build.0 = Debug|Any CPU
		{B0E5B96A-6F33-441D-9D9C-FB575CB459CD}.Release|Any CPU.ActiveCfg = Release|Any CPU
		{B0E5B96A-6F33-441D-9D9C-FB575CB459CD}.Release|Any CPU.Build.0 = Release|Any CPU
		{600640B0-5017-4C1B-9B64-2E3199218171}.Debug|Any CPU.ActiveCfg = Debug|Any CPU
		{600640B0-5017-4C1B-9B64-2E3199218171}.Debug|Any CPU.Build.0 = Debug|Any CPU
		{600640B0-5017-4C1B-9B64-2E3199218171}.Release|Any CPU.ActiveCfg = Release|Any CPU
		{600640B0-5017-4C1B-9B64-2E3199218171}.Release|Any CPU.Build.0 = Release|Any CPU
	EndGlobalSection
	GlobalSection(SolutionProperties) = preSolution
		HideSolutionNode = FALSE
	EndGlobalSection
	GlobalSection(NestedProjects) = preSolution
		{2FE8206C-98AA-491B-921B-46BECEDF5232} = {DD9F18C2-ED2B-4A2F-881F-7B9905444A59}
		{B89FDCAC-A8E1-4647-B44D-D2CAACFD7275} = {2FE8206C-98AA-491B-921B-46BECEDF5232}
		{840F8817-EF5E-45CF-A5B7-E7337CE1EC5F} = {2FE8206C-98AA-491B-921B-46BECEDF5232}
		{31F4D140-3896-4170-9B01-A1BE595540CD} = {2FE8206C-98AA-491B-921B-46BECEDF5232}
		{F4D3A3DD-870B-4AD7-BBC7-42829208AF96} = {2FE8206C-98AA-491B-921B-46BECEDF5232}
		{489F3B30-7A39-4B7D-8BC0-22748E71A16D} = {8B2637E6-0955-44E5-AC46-D150A83DE172}
		{B0E5B96A-6F33-441D-9D9C-FB575CB459CD} = {8B2637E6-0955-44E5-AC46-D150A83DE172}
	EndGlobalSection
	GlobalSection(ExtensibilityGlobals) = postSolution
		SolutionGuid = {D0785CFC-6432-4B91-91E6-798D92141551}
	EndGlobalSection
EndGlobal
