
Microsoft Visual Studio Solution File, Format Version 12.00
# Visual Studio Version 17
VisualStudioVersion = 17.1.32319.34
MinimumVisualStudioVersion = 10.0.40219.1
Project("{2150E333-8FDC-42A3-9474-1A3956D46DE8}") = "src", "src", "{DD9F18C2-ED2B-4A2F-881F-7B9905444A59}"
EndProject
Project("{2150E333-8FDC-42A3-9474-1A3956D46DE8}") = "tests", "tests", "{8B2637E6-0955-44E5-AC46-D150A83DE172}"
EndProject
Project("{2150E333-8FDC-42A3-9474-1A3956D46DE8}") = "CoinTracker.API.CoinList", "CoinTracker.API.CoinList", "{2FE8206C-98AA-491B-921B-46BECEDF5232}"
EndProject
Project("{9A19103F-16F7-4668-BE54-9A1E7A4F7556}") = "CoinTracker.API.CoinList.Application", "src\CoinTracker.API.CoinList\CoinTracker.API.CoinList.Application\CoinTracker.API.CoinList.Application.csproj", "{B89FDCAC-A8E1-4647-B44D-D2CAACFD7275}"
EndProject
Project("{9A19103F-16F7-4668-BE54-9A1E7A4F7556}") = "CoinTracker.API.CoinList", "src\CoinTracker.API.CoinList\CoinTracker.API.CoinList.Controllers\CoinTracker.API.CoinList.csproj", "{840F8817-EF5E-45CF-A5B7-E7337CE1EC5F}"
EndProject
Project("{9A19103F-16F7-4668-BE54-9A1E7A4F7556}") = "CoinTracker.API.CoinList.Domain", "src\CoinTracker.API.CoinList\CoinTracker.API.CoinList.Domain\CoinTracker.API.CoinList.Domain.csproj", "{31F4D140-3896-4170-9B01-A1BE595540CD}"
EndProject
Project("{9A19103F-16F7-4668-BE54-9A1E7A4F7556}") = "CoinTracker.Api.CoinList.Infrastructure", "src\CoinTracker.API.CoinList\CoinTracker.Api.CoinList.Infrastructure\CoinTracker.Api.CoinList.Infrastructure.csproj", "{F4D3A3DD-870B-4AD7-BBC7-42829208AF96}"
EndProject
Project("{2150E333-8FDC-42A3-9474-1A3956D46DE8}") = "CoinTracker.API.Contracts", "CoinTracker.API.Contracts", "{603262E6-E4CE-47DA-B33F-CB351D99197E}"
EndProject
Project("{9A19103F-16F7-4668-BE54-9A1E7A4F7556}") = "CoinTracker.API.Contracts", "src\CoinTracker.API.Contracts\CoinTracker.API.Contracts.csproj", "{906BE82B-4ED6-4796-A3C8-C5C67745114C}"
EndProject
Project("{2150E333-8FDC-42A3-9474-1A3956D46DE8}") = "CoinTracker.API.Wallets", "CoinTracker.API.Wallets", "{EB8F1A8B-240A-4B3D-AFBC-C8268FE81BBB}"
EndProject
Project("{9A19103F-16F7-4668-BE54-9A1E7A4F7556}") = "CoinTracker.API.Wallets.Domain", "src\CoinTracker.API.Wallets\CoinTracker.API.Wallets.Domain\CoinTracker.API.Wallets.Domain.csproj", "{C755D41F-7304-4096-BF63-E4B53A58D11B}"
EndProject
Project("{9A19103F-16F7-4668-BE54-9A1E7A4F7556}") = "CoinTracker.API.Wallets.Application", "src\CoinTracker.API.Wallets\CoinTracker.API.Wallets.Application\CoinTracker.API.Wallets.Application.csproj", "{620EF582-D251-4037-9A8D-2C9B554CA082}"
EndProject
Project("{9A19103F-16F7-4668-BE54-9A1E7A4F7556}") = "CoinTracker.API.Wallets.Infrastructure", "src\CoinTracker.API.Wallets\CoinTracker.API.Wallets.Infrastructure\CoinTracker.API.Wallets.Infrastructure.csproj", "{C15186D2-A7EA-476F-9643-9FB4CE11A47B}"
EndProject
Project("{9A19103F-16F7-4668-BE54-9A1E7A4F7556}") = "CoinTracker.API.Wallets", "src\CoinTracker.API.Wallets\CoinTracker.API.Wallets.Controllers\CoinTracker.API.Wallets.csproj", "{31E5DBE2-AA9B-48EF-9BBB-6FD17DA0A863}"
EndProject
Project("{E53339B2-1760-4266-BCC7-CA923CBCF16C}") = "docker-compose", "docker-compose.dcproj", "{600640B0-5017-4C1B-9B64-2E3199218171}"
EndProject
Project("{2150E333-8FDC-42A3-9474-1A3956D46DE8}") = "AcceptanceTest", "AcceptanceTest", "{69A039B3-CF27-4E5C-8050-11FE7272ECBC}"
EndProject
Project("{2150E333-8FDC-42A3-9474-1A3956D46DE8}") = "UnitTest", "UnitTest", "{D7D547FE-83CD-4D18-8502-7D86A409FE1B}"
EndProject
Project("{9A19103F-16F7-4668-BE54-9A1E7A4F7556}") = "CoinTracker.API.CoinList.Acceptance", "tests\AcceptanceTest\CoinTracker.API.CoinList.Acceptance\CoinTracker.API.CoinList.Acceptance.csproj", "{4B2C502F-2825-408F-9A47-AB0B30548C65}"
EndProject
Project("{9A19103F-16F7-4668-BE54-9A1E7A4F7556}") = "CoinTracker.API.CoinList.UnitTests", "tests\UnitTest\CoinTracker.API.CoinList.UnitTests\CoinTracker.API.CoinList.UnitTests.csproj", "{2C5C643C-3349-4745-B2F2-6C87A30DB528}"
EndProject
Project("{9A19103F-16F7-4668-BE54-9A1E7A4F7556}") = "CoinTracker.API.Wallets.UnitTests", "tests\UnitTest\CoinTracker.API.Wallets.UnitTests\CoinTracker.API.Wallets.UnitTests.csproj", "{007C5858-0036-4AAB-B8EE-A6346BB67EA2}"
EndProject
Project("{2150E333-8FDC-42A3-9474-1A3956D46DE8}") = "CoinTracker.API.SDK", "CoinTracker.API.SDK", "{65291DEA-53D4-44FF-B8B2-A0DCB2B69376}"
EndProject
Project("{9A19103F-16F7-4668-BE54-9A1E7A4F7556}") = "CoinTracker.API.SDK.Application", "src\CoinTracker.API.SDK\CoinTracker.API.SDK.Application\CoinTracker.API.SDK.Application.csproj", "{DB038727-75AF-4F1E-B8D9-3DD1F9A9042C}"
EndProject
Project("{9A19103F-16F7-4668-BE54-9A1E7A4F7556}") = "CoinTracker.API.SDK.Infrastructure", "src\CoinTracker.API.SDK\CoinTracker.API.SDK.Infrastructure\CoinTracker.API.SDK.Infrastructure.csproj", "{6B255DFF-6EC7-4C4F-8EB2-ABEC7D51E899}"
EndProject
Project("{9A19103F-16F7-4668-BE54-9A1E7A4F7556}") = "CoinTracker.API.SDK.Domain", "src\CoinTracker.API.SDK\CoinTracker.API.SDK.Domain\CoinTracker.API.SDK.Domain.csproj", "{4CE48DE6-B887-446A-8237-2C90CFD79E72}"
EndProject
Project("{9A19103F-16F7-4668-BE54-9A1E7A4F7556}") = "CoinTracker.API.SDK.UnitTests", "tests\UnitTest\CoinTracker.API.SDK.UnitTests\CoinTracker.API.SDK.UnitTests.csproj", "{1D69B9E0-BF2B-4E75-AE07-233D908F69A9}"
EndProject
Project("{2150E333-8FDC-42A3-9474-1A3956D46DE8}") = "Utility", "Utility", "{295E1A1F-1C25-4BF4-BE03-BD682C2DE3D0}"
EndProject
Project("{FAE04EC0-301F-11D3-BF4B-00C04F79EFBC}") = "CoinTracker.API.UnitTest.Utility", "tests\UnitTest\Utility\CoinTracker.API.UnitTest.Utiltiy\CoinTracker.API.UnitTest.Utility.csproj", "{E222BA1A-AA8B-4755-AFF8-C25313C5F627}"
EndProject
Global
	GlobalSection(SolutionConfigurationPlatforms) = preSolution
		Debug|Any CPU = Debug|Any CPU
		Release|Any CPU = Release|Any CPU
	EndGlobalSection
	GlobalSection(ProjectConfigurationPlatforms) = postSolution
		{B89FDCAC-A8E1-4647-B44D-D2CAACFD7275}.Debug|Any CPU.ActiveCfg = Debug|Any CPU
		{B89FDCAC-A8E1-4647-B44D-D2CAACFD7275}.Debug|Any CPU.Build.0 = Debug|Any CPU
		{B89FDCAC-A8E1-4647-B44D-D2CAACFD7275}.Release|Any CPU.ActiveCfg = Release|Any CPU
		{B89FDCAC-A8E1-4647-B44D-D2CAACFD7275}.Release|Any CPU.Build.0 = Release|Any CPU
		{840F8817-EF5E-45CF-A5B7-E7337CE1EC5F}.Debug|Any CPU.ActiveCfg = Debug|Any CPU
		{840F8817-EF5E-45CF-A5B7-E7337CE1EC5F}.Debug|Any CPU.Build.0 = Debug|Any CPU
		{840F8817-EF5E-45CF-A5B7-E7337CE1EC5F}.Release|Any CPU.ActiveCfg = Release|Any CPU
		{840F8817-EF5E-45CF-A5B7-E7337CE1EC5F}.Release|Any CPU.Build.0 = Release|Any CPU
		{31F4D140-3896-4170-9B01-A1BE595540CD}.Debug|Any CPU.ActiveCfg = Debug|Any CPU
		{31F4D140-3896-4170-9B01-A1BE595540CD}.Debug|Any CPU.Build.0 = Debug|Any CPU
		{31F4D140-3896-4170-9B01-A1BE595540CD}.Release|Any CPU.ActiveCfg = Release|Any CPU
		{31F4D140-3896-4170-9B01-A1BE595540CD}.Release|Any CPU.Build.0 = Release|Any CPU
		{F4D3A3DD-870B-4AD7-BBC7-42829208AF96}.Debug|Any CPU.ActiveCfg = Debug|Any CPU
		{F4D3A3DD-870B-4AD7-BBC7-42829208AF96}.Debug|Any CPU.Build.0 = Debug|Any CPU
		{F4D3A3DD-870B-4AD7-BBC7-42829208AF96}.Release|Any CPU.ActiveCfg = Release|Any CPU
		{F4D3A3DD-870B-4AD7-BBC7-42829208AF96}.Release|Any CPU.Build.0 = Release|Any CPU
		{906BE82B-4ED6-4796-A3C8-C5C67745114C}.Debug|Any CPU.ActiveCfg = Debug|Any CPU
		{906BE82B-4ED6-4796-A3C8-C5C67745114C}.Debug|Any CPU.Build.0 = Debug|Any CPU
		{906BE82B-4ED6-4796-A3C8-C5C67745114C}.Release|Any CPU.ActiveCfg = Release|Any CPU
		{906BE82B-4ED6-4796-A3C8-C5C67745114C}.Release|Any CPU.Build.0 = Release|Any CPU
		{C755D41F-7304-4096-BF63-E4B53A58D11B}.Debug|Any CPU.ActiveCfg = Debug|Any CPU
		{C755D41F-7304-4096-BF63-E4B53A58D11B}.Debug|Any CPU.Build.0 = Debug|Any CPU
		{C755D41F-7304-4096-BF63-E4B53A58D11B}.Release|Any CPU.ActiveCfg = Release|Any CPU
		{C755D41F-7304-4096-BF63-E4B53A58D11B}.Release|Any CPU.Build.0 = Release|Any CPU
		{620EF582-D251-4037-9A8D-2C9B554CA082}.Debug|Any CPU.ActiveCfg = Debug|Any CPU
		{620EF582-D251-4037-9A8D-2C9B554CA082}.Debug|Any CPU.Build.0 = Debug|Any CPU
		{620EF582-D251-4037-9A8D-2C9B554CA082}.Release|Any CPU.ActiveCfg = Release|Any CPU
		{620EF582-D251-4037-9A8D-2C9B554CA082}.Release|Any CPU.Build.0 = Release|Any CPU
		{C15186D2-A7EA-476F-9643-9FB4CE11A47B}.Debug|Any CPU.ActiveCfg = Debug|Any CPU
		{C15186D2-A7EA-476F-9643-9FB4CE11A47B}.Debug|Any CPU.Build.0 = Debug|Any CPU
		{C15186D2-A7EA-476F-9643-9FB4CE11A47B}.Release|Any CPU.ActiveCfg = Release|Any CPU
		{C15186D2-A7EA-476F-9643-9FB4CE11A47B}.Release|Any CPU.Build.0 = Release|Any CPU
		{31E5DBE2-AA9B-48EF-9BBB-6FD17DA0A863}.Debug|Any CPU.ActiveCfg = Debug|Any CPU
		{31E5DBE2-AA9B-48EF-9BBB-6FD17DA0A863}.Debug|Any CPU.Build.0 = Debug|Any CPU
		{31E5DBE2-AA9B-48EF-9BBB-6FD17DA0A863}.Release|Any CPU.ActiveCfg = Release|Any CPU
		{31E5DBE2-AA9B-48EF-9BBB-6FD17DA0A863}.Release|Any CPU.Build.0 = Release|Any CPU
		{600640B0-5017-4C1B-9B64-2E3199218171}.Debug|Any CPU.ActiveCfg = Debug|Any CPU
		{600640B0-5017-4C1B-9B64-2E3199218171}.Debug|Any CPU.Build.0 = Debug|Any CPU
		{600640B0-5017-4C1B-9B64-2E3199218171}.Release|Any CPU.ActiveCfg = Release|Any CPU
		{600640B0-5017-4C1B-9B64-2E3199218171}.Release|Any CPU.Build.0 = Release|Any CPU
		{4B2C502F-2825-408F-9A47-AB0B30548C65}.Debug|Any CPU.ActiveCfg = Debug|Any CPU
		{4B2C502F-2825-408F-9A47-AB0B30548C65}.Debug|Any CPU.Build.0 = Debug|Any CPU
		{4B2C502F-2825-408F-9A47-AB0B30548C65}.Release|Any CPU.ActiveCfg = Release|Any CPU
		{4B2C502F-2825-408F-9A47-AB0B30548C65}.Release|Any CPU.Build.0 = Release|Any CPU
		{2C5C643C-3349-4745-B2F2-6C87A30DB528}.Debug|Any CPU.ActiveCfg = Debug|Any CPU
		{2C5C643C-3349-4745-B2F2-6C87A30DB528}.Debug|Any CPU.Build.0 = Debug|Any CPU
		{2C5C643C-3349-4745-B2F2-6C87A30DB528}.Release|Any CPU.ActiveCfg = Release|Any CPU
		{2C5C643C-3349-4745-B2F2-6C87A30DB528}.Release|Any CPU.Build.0 = Release|Any CPU
		{007C5858-0036-4AAB-B8EE-A6346BB67EA2}.Debug|Any CPU.ActiveCfg = Debug|Any CPU
		{007C5858-0036-4AAB-B8EE-A6346BB67EA2}.Debug|Any CPU.Build.0 = Debug|Any CPU
		{007C5858-0036-4AAB-B8EE-A6346BB67EA2}.Release|Any CPU.ActiveCfg = Release|Any CPU
		{007C5858-0036-4AAB-B8EE-A6346BB67EA2}.Release|Any CPU.Build.0 = Release|Any CPU
		{DB038727-75AF-4F1E-B8D9-3DD1F9A9042C}.Debug|Any CPU.ActiveCfg = Debug|Any CPU
		{DB038727-75AF-4F1E-B8D9-3DD1F9A9042C}.Debug|Any CPU.Build.0 = Debug|Any CPU
		{DB038727-75AF-4F1E-B8D9-3DD1F9A9042C}.Release|Any CPU.ActiveCfg = Release|Any CPU
		{DB038727-75AF-4F1E-B8D9-3DD1F9A9042C}.Release|Any CPU.Build.0 = Release|Any CPU
		{6B255DFF-6EC7-4C4F-8EB2-ABEC7D51E899}.Debug|Any CPU.ActiveCfg = Debug|Any CPU
		{6B255DFF-6EC7-4C4F-8EB2-ABEC7D51E899}.Debug|Any CPU.Build.0 = Debug|Any CPU
		{6B255DFF-6EC7-4C4F-8EB2-ABEC7D51E899}.Release|Any CPU.ActiveCfg = Release|Any CPU
		{6B255DFF-6EC7-4C4F-8EB2-ABEC7D51E899}.Release|Any CPU.Build.0 = Release|Any CPU
		{4CE48DE6-B887-446A-8237-2C90CFD79E72}.Debug|Any CPU.ActiveCfg = Debug|Any CPU
		{4CE48DE6-B887-446A-8237-2C90CFD79E72}.Debug|Any CPU.Build.0 = Debug|Any CPU
		{4CE48DE6-B887-446A-8237-2C90CFD79E72}.Release|Any CPU.ActiveCfg = Release|Any CPU
		{4CE48DE6-B887-446A-8237-2C90CFD79E72}.Release|Any CPU.Build.0 = Release|Any CPU
		{1D69B9E0-BF2B-4E75-AE07-233D908F69A9}.Debug|Any CPU.ActiveCfg = Debug|Any CPU
		{1D69B9E0-BF2B-4E75-AE07-233D908F69A9}.Debug|Any CPU.Build.0 = Debug|Any CPU
		{1D69B9E0-BF2B-4E75-AE07-233D908F69A9}.Release|Any CPU.ActiveCfg = Release|Any CPU
		{1D69B9E0-BF2B-4E75-AE07-233D908F69A9}.Release|Any CPU.Build.0 = Release|Any CPU
		{E222BA1A-AA8B-4755-AFF8-C25313C5F627}.Debug|Any CPU.ActiveCfg = Debug|Any CPU
		{E222BA1A-AA8B-4755-AFF8-C25313C5F627}.Debug|Any CPU.Build.0 = Debug|Any CPU
		{E222BA1A-AA8B-4755-AFF8-C25313C5F627}.Release|Any CPU.ActiveCfg = Release|Any CPU
		{E222BA1A-AA8B-4755-AFF8-C25313C5F627}.Release|Any CPU.Build.0 = Release|Any CPU
	EndGlobalSection
	GlobalSection(SolutionProperties) = preSolution
		HideSolutionNode = FALSE
	EndGlobalSection
	GlobalSection(NestedProjects) = preSolution
		{2FE8206C-98AA-491B-921B-46BECEDF5232} = {DD9F18C2-ED2B-4A2F-881F-7B9905444A59}
		{B89FDCAC-A8E1-4647-B44D-D2CAACFD7275} = {2FE8206C-98AA-491B-921B-46BECEDF5232}
		{840F8817-EF5E-45CF-A5B7-E7337CE1EC5F} = {2FE8206C-98AA-491B-921B-46BECEDF5232}
		{31F4D140-3896-4170-9B01-A1BE595540CD} = {2FE8206C-98AA-491B-921B-46BECEDF5232}
		{F4D3A3DD-870B-4AD7-BBC7-42829208AF96} = {2FE8206C-98AA-491B-921B-46BECEDF5232}
		{603262E6-E4CE-47DA-B33F-CB351D99197E} = {DD9F18C2-ED2B-4A2F-881F-7B9905444A59}
		{906BE82B-4ED6-4796-A3C8-C5C67745114C} = {603262E6-E4CE-47DA-B33F-CB351D99197E}
		{EB8F1A8B-240A-4B3D-AFBC-C8268FE81BBB} = {DD9F18C2-ED2B-4A2F-881F-7B9905444A59}
		{C755D41F-7304-4096-BF63-E4B53A58D11B} = {EB8F1A8B-240A-4B3D-AFBC-C8268FE81BBB}
		{620EF582-D251-4037-9A8D-2C9B554CA082} = {EB8F1A8B-240A-4B3D-AFBC-C8268FE81BBB}
		{C15186D2-A7EA-476F-9643-9FB4CE11A47B} = {EB8F1A8B-240A-4B3D-AFBC-C8268FE81BBB}
		{31E5DBE2-AA9B-48EF-9BBB-6FD17DA0A863} = {EB8F1A8B-240A-4B3D-AFBC-C8268FE81BBB}
		{69A039B3-CF27-4E5C-8050-11FE7272ECBC} = {8B2637E6-0955-44E5-AC46-D150A83DE172}
		{D7D547FE-83CD-4D18-8502-7D86A409FE1B} = {8B2637E6-0955-44E5-AC46-D150A83DE172}
		{4B2C502F-2825-408F-9A47-AB0B30548C65} = {69A039B3-CF27-4E5C-8050-11FE7272ECBC}
		{2C5C643C-3349-4745-B2F2-6C87A30DB528} = {D7D547FE-83CD-4D18-8502-7D86A409FE1B}
		{007C5858-0036-4AAB-B8EE-A6346BB67EA2} = {D7D547FE-83CD-4D18-8502-7D86A409FE1B}
		{65291DEA-53D4-44FF-B8B2-A0DCB2B69376} = {DD9F18C2-ED2B-4A2F-881F-7B9905444A59}
		{DB038727-75AF-4F1E-B8D9-3DD1F9A9042C} = {65291DEA-53D4-44FF-B8B2-A0DCB2B69376}
		{6B255DFF-6EC7-4C4F-8EB2-ABEC7D51E899} = {65291DEA-53D4-44FF-B8B2-A0DCB2B69376}
		{4CE48DE6-B887-446A-8237-2C90CFD79E72} = {65291DEA-53D4-44FF-B8B2-A0DCB2B69376}
		{1D69B9E0-BF2B-4E75-AE07-233D908F69A9} = {D7D547FE-83CD-4D18-8502-7D86A409FE1B}
		{295E1A1F-1C25-4BF4-BE03-BD682C2DE3D0} = {D7D547FE-83CD-4D18-8502-7D86A409FE1B}
		{E222BA1A-AA8B-4755-AFF8-C25313C5F627} = {295E1A1F-1C25-4BF4-BE03-BD682C2DE3D0}
	EndGlobalSection
	GlobalSection(ExtensibilityGlobals) = postSolution
		SolutionGuid = {D0785CFC-6432-4B91-91E6-798D92141551}
	EndGlobalSection
EndGlobal
