
Microsoft Visual Studio Solution File, Format Version 12.00
# Visual Studio Version 17
VisualStudioVersion = 17.1.32319.34
MinimumVisualStudioVersion = 10.0.40219.1
Project("{2150E333-8FDC-42A3-9474-1A3956D46DE8}") = "SDK", "SDK", "{B40DA6CC-86A1-4195-B8CC-D207DEE67853}"
EndProject
Project("{2150E333-8FDC-42A3-9474-1A3956D46DE8}") = "src", "src", "{8FD6CF8C-1D27-481D-A02B-993F5978519D}"
EndProject
Project("{9A19103F-16F7-4668-BE54-9A1E7A4F7556}") = "API.SDK.Application", "SDK\src\CoinTracker.API.SDK.Application\API.SDK.Application.csproj", "{7AA2C1BE-C992-4FBE-BB27-4ED79071C707}"
EndProject
Project("{9A19103F-16F7-4668-BE54-9A1E7A4F7556}") = "API.SDK.Domain", "SDK\src\CoinTracker.API.SDK.Domain\API.SDK.Domain.csproj", "{D43FB6EF-89BB-4669-A3F0-E320C9054F70}"
EndProject
Project("{9A19103F-16F7-4668-BE54-9A1E7A4F7556}") = "API.SDK.Infrastructure", "SDK\src\CoinTracker.API.SDK.Infrastructure\API.SDK.Infrastructure.csproj", "{216AA625-B483-4439-9E70-CAC78D5BD5B4}"
EndProject
Project("{2150E333-8FDC-42A3-9474-1A3956D46DE8}") = "test", "test", "{4F886A0E-4401-459D-8733-FEF747DF5B3E}"
EndProject
Project("{9A19103F-16F7-4668-BE54-9A1E7A4F7556}") = "API.SDK.UnitTests", "SDK\test\CoinTracker.API.SDK.UnitTests\API.SDK.UnitTests.csproj", "{5285471F-8AF7-4029-B9AF-BC33FD4C4FDA}"
EndProject
Project("{9A19103F-16F7-4668-BE54-9A1E7A4F7556}") = "API.UnitTest.Utility", "SDK\test\CoinTracker.API.UnitTest.Utiltiy\API.UnitTest.Utility.csproj", "{7B81F716-13D1-4222-BC1B-0D2243CD64AC}"
EndProject
Project("{2150E333-8FDC-42A3-9474-1A3956D46DE8}") = "CoinList", "CoinList", "{EE72FB33-04D8-486B-B6D3-DD47FEE29525}"
EndProject
Project("{9A19103F-16F7-4668-BE54-9A1E7A4F7556}") = "API.CoinList", "CoinList\src\API.CoinList\API.CoinList.csproj", "{62517E12-7B8A-4BDE-882C-880B07DA051F}"
EndProject
Project("{2150E333-8FDC-42A3-9474-1A3956D46DE8}") = "src", "src", "{C689BCA0-5597-4DE2-9934-32B78F9EF6CD}"
EndProject
Project("{9A19103F-16F7-4668-BE54-9A1E7A4F7556}") = "API.CoinList.Application", "CoinList\src\API.CoinList.Application\API.CoinList.Application.csproj", "{BDB8F6A0-6354-4862-9482-56053D145B03}"
EndProject
Project("{9A19103F-16F7-4668-BE54-9A1E7A4F7556}") = "API.CoinList.Domain", "CoinList\src\API.CoinList.Domain\API.CoinList.Domain.csproj", "{4BB374C2-B348-4A30-9CC9-C05E0C6B0156}"
EndProject
Project("{9A19103F-16F7-4668-BE54-9A1E7A4F7556}") = "API.CoinList.Infrastructure", "CoinList\src\Api.CoinList.Infrastructure\API.CoinList.Infrastructure.csproj", "{B5AC9854-88EB-4C3C-8ED1-BE314477B631}"
EndProject
Project("{2150E333-8FDC-42A3-9474-1A3956D46DE8}") = "test", "test", "{8A0D34EA-72F8-4D73-8B18-BBC22D259CA5}"
EndProject
Project("{9A19103F-16F7-4668-BE54-9A1E7A4F7556}") = "API.CoinList.UnitTests", "CoinList\test\API.CoinList.UnitTests\API.CoinList.UnitTests.csproj", "{48270032-DFCE-4C5D-A459-9EEEB95537BE}"
EndProject
Project("{2150E333-8FDC-42A3-9474-1A3956D46DE8}") = "Contracts", "Contracts", "{E59DE5B4-F1BD-48C2-BB8A-425AEDE7C72A}"
EndProject
Project("{2150E333-8FDC-42A3-9474-1A3956D46DE8}") = "src", "src", "{2C021895-CCE1-4198-B7F8-F35A61501C4D}"
EndProject
Project("{9A19103F-16F7-4668-BE54-9A1E7A4F7556}") = "API.Contracts", "Contracts\src\API.Contracts.csproj", "{170C078E-AE0B-4819-8C2F-BF2CAD073543}"
EndProject
Project("{2150E333-8FDC-42A3-9474-1A3956D46DE8}") = "Wallets", "Wallets", "{05078B1A-FB24-4A05-A80F-0CC7E9690AF3}"
EndProject
Project("{2150E333-8FDC-42A3-9474-1A3956D46DE8}") = "src", "src", "{830000C9-0EE6-4C82-89B0-7F9BEFC05C41}"
EndProject
Project("{2150E333-8FDC-42A3-9474-1A3956D46DE8}") = "test", "test", "{2E86A809-005D-4F10-BF31-0C15B8C6770B}"
EndProject
Project("{9A19103F-16F7-4668-BE54-9A1E7A4F7556}") = "API.Wallets", "Wallets\src\API.Wallets\API.Wallets.csproj", "{25138262-67B2-46A2-841B-1813A31F3519}"
EndProject
Project("{9A19103F-16F7-4668-BE54-9A1E7A4F7556}") = "API.Wallets.Application", "Wallets\src\API.Wallets.Application\API.Wallets.Application.csproj", "{86D1FF13-51B6-4FB8-9D43-CCD5DE935EA6}"
EndProject
Project("{9A19103F-16F7-4668-BE54-9A1E7A4F7556}") = "API.Wallets.Domain", "Wallets\src\API.Wallets.Domain\API.Wallets.Domain.csproj", "{9AE16DF4-7AB7-4CDA-A78E-73D753C03494}"
EndProject
Project("{9A19103F-16F7-4668-BE54-9A1E7A4F7556}") = "API.Wallets.Infrastructure", "Wallets\src\API.Wallets.Infrastructure\API.Wallets.Infrastructure.csproj", "{0DE3A992-BAF2-45E3-85AC-5898ECB5C3DA}"
EndProject
Project("{9A19103F-16F7-4668-BE54-9A1E7A4F7556}") = "API.Wallets.UnitTests", "Wallets\test\API.Wallets.UnitTests\API.Wallets.UnitTests.csproj", "{F31B206B-98DA-4055-B9D1-F0B9ABB572B8}"
EndProject
Project("{E53339B2-1760-4266-BCC7-CA923CBCF16C}") = "docker-compose", "docker-compose.dcproj", "{600640B0-5017-4C1B-9B64-2E3199218171}"
EndProject
Project("{2150E333-8FDC-42A3-9474-1A3956D46DE8}") = "Solution Items", "Solution Items", "{D289F9FB-D79D-4E41-B3CF-3DAD472D842F}"
	ProjectSection(SolutionItems) = preProject
		.editorconfig = .editorconfig
	EndProjectSection
EndProject
Global
	GlobalSection(SolutionConfigurationPlatforms) = preSolution
		Debug|Any CPU = Debug|Any CPU
		Release|Any CPU = Release|Any CPU
	EndGlobalSection
	GlobalSection(ProjectConfigurationPlatforms) = postSolution
		{7AA2C1BE-C992-4FBE-BB27-4ED79071C707}.Debug|Any CPU.ActiveCfg = Debug|Any CPU
		{7AA2C1BE-C992-4FBE-BB27-4ED79071C707}.Debug|Any CPU.Build.0 = Debug|Any CPU
		{7AA2C1BE-C992-4FBE-BB27-4ED79071C707}.Release|Any CPU.ActiveCfg = Release|Any CPU
		{7AA2C1BE-C992-4FBE-BB27-4ED79071C707}.Release|Any CPU.Build.0 = Release|Any CPU
		{D43FB6EF-89BB-4669-A3F0-E320C9054F70}.Debug|Any CPU.ActiveCfg = Debug|Any CPU
		{D43FB6EF-89BB-4669-A3F0-E320C9054F70}.Debug|Any CPU.Build.0 = Debug|Any CPU
		{D43FB6EF-89BB-4669-A3F0-E320C9054F70}.Release|Any CPU.ActiveCfg = Release|Any CPU
		{D43FB6EF-89BB-4669-A3F0-E320C9054F70}.Release|Any CPU.Build.0 = Release|Any CPU
		{216AA625-B483-4439-9E70-CAC78D5BD5B4}.Debug|Any CPU.ActiveCfg = Debug|Any CPU
		{216AA625-B483-4439-9E70-CAC78D5BD5B4}.Debug|Any CPU.Build.0 = Debug|Any CPU
		{216AA625-B483-4439-9E70-CAC78D5BD5B4}.Release|Any CPU.ActiveCfg = Release|Any CPU
		{216AA625-B483-4439-9E70-CAC78D5BD5B4}.Release|Any CPU.Build.0 = Release|Any CPU
		{5285471F-8AF7-4029-B9AF-BC33FD4C4FDA}.Debug|Any CPU.ActiveCfg = Debug|Any CPU
		{5285471F-8AF7-4029-B9AF-BC33FD4C4FDA}.Debug|Any CPU.Build.0 = Debug|Any CPU
		{5285471F-8AF7-4029-B9AF-BC33FD4C4FDA}.Release|Any CPU.ActiveCfg = Release|Any CPU
		{5285471F-8AF7-4029-B9AF-BC33FD4C4FDA}.Release|Any CPU.Build.0 = Release|Any CPU
		{7B81F716-13D1-4222-BC1B-0D2243CD64AC}.Debug|Any CPU.ActiveCfg = Debug|Any CPU
		{7B81F716-13D1-4222-BC1B-0D2243CD64AC}.Debug|Any CPU.Build.0 = Debug|Any CPU
		{7B81F716-13D1-4222-BC1B-0D2243CD64AC}.Release|Any CPU.ActiveCfg = Release|Any CPU
		{7B81F716-13D1-4222-BC1B-0D2243CD64AC}.Release|Any CPU.Build.0 = Release|Any CPU
		{62517E12-7B8A-4BDE-882C-880B07DA051F}.Debug|Any CPU.ActiveCfg = Debug|Any CPU
		{62517E12-7B8A-4BDE-882C-880B07DA051F}.Debug|Any CPU.Build.0 = Debug|Any CPU
		{62517E12-7B8A-4BDE-882C-880B07DA051F}.Release|Any CPU.ActiveCfg = Release|Any CPU
		{62517E12-7B8A-4BDE-882C-880B07DA051F}.Release|Any CPU.Build.0 = Release|Any CPU
		{BDB8F6A0-6354-4862-9482-56053D145B03}.Debug|Any CPU.ActiveCfg = Debug|Any CPU
		{BDB8F6A0-6354-4862-9482-56053D145B03}.Debug|Any CPU.Build.0 = Debug|Any CPU
		{BDB8F6A0-6354-4862-9482-56053D145B03}.Release|Any CPU.ActiveCfg = Release|Any CPU
		{BDB8F6A0-6354-4862-9482-56053D145B03}.Release|Any CPU.Build.0 = Release|Any CPU
		{4BB374C2-B348-4A30-9CC9-C05E0C6B0156}.Debug|Any CPU.ActiveCfg = Debug|Any CPU
		{4BB374C2-B348-4A30-9CC9-C05E0C6B0156}.Debug|Any CPU.Build.0 = Debug|Any CPU
		{4BB374C2-B348-4A30-9CC9-C05E0C6B0156}.Release|Any CPU.ActiveCfg = Release|Any CPU
		{4BB374C2-B348-4A30-9CC9-C05E0C6B0156}.Release|Any CPU.Build.0 = Release|Any CPU
		{B5AC9854-88EB-4C3C-8ED1-BE314477B631}.Debug|Any CPU.ActiveCfg = Debug|Any CPU
		{B5AC9854-88EB-4C3C-8ED1-BE314477B631}.Debug|Any CPU.Build.0 = Debug|Any CPU
		{B5AC9854-88EB-4C3C-8ED1-BE314477B631}.Release|Any CPU.ActiveCfg = Release|Any CPU
		{B5AC9854-88EB-4C3C-8ED1-BE314477B631}.Release|Any CPU.Build.0 = Release|Any CPU
		{48270032-DFCE-4C5D-A459-9EEEB95537BE}.Debug|Any CPU.ActiveCfg = Debug|Any CPU
		{48270032-DFCE-4C5D-A459-9EEEB95537BE}.Debug|Any CPU.Build.0 = Debug|Any CPU
		{48270032-DFCE-4C5D-A459-9EEEB95537BE}.Release|Any CPU.ActiveCfg = Release|Any CPU
		{48270032-DFCE-4C5D-A459-9EEEB95537BE}.Release|Any CPU.Build.0 = Release|Any CPU
		{170C078E-AE0B-4819-8C2F-BF2CAD073543}.Debug|Any CPU.ActiveCfg = Debug|Any CPU
		{170C078E-AE0B-4819-8C2F-BF2CAD073543}.Debug|Any CPU.Build.0 = Debug|Any CPU
		{170C078E-AE0B-4819-8C2F-BF2CAD073543}.Release|Any CPU.ActiveCfg = Release|Any CPU
		{170C078E-AE0B-4819-8C2F-BF2CAD073543}.Release|Any CPU.Build.0 = Release|Any CPU
		{25138262-67B2-46A2-841B-1813A31F3519}.Debug|Any CPU.ActiveCfg = Debug|Any CPU
		{25138262-67B2-46A2-841B-1813A31F3519}.Debug|Any CPU.Build.0 = Debug|Any CPU
		{25138262-67B2-46A2-841B-1813A31F3519}.Release|Any CPU.ActiveCfg = Release|Any CPU
		{25138262-67B2-46A2-841B-1813A31F3519}.Release|Any CPU.Build.0 = Release|Any CPU
		{86D1FF13-51B6-4FB8-9D43-CCD5DE935EA6}.Debug|Any CPU.ActiveCfg = Debug|Any CPU
		{86D1FF13-51B6-4FB8-9D43-CCD5DE935EA6}.Debug|Any CPU.Build.0 = Debug|Any CPU
		{86D1FF13-51B6-4FB8-9D43-CCD5DE935EA6}.Release|Any CPU.ActiveCfg = Release|Any CPU
		{86D1FF13-51B6-4FB8-9D43-CCD5DE935EA6}.Release|Any CPU.Build.0 = Release|Any CPU
		{9AE16DF4-7AB7-4CDA-A78E-73D753C03494}.Debug|Any CPU.ActiveCfg = Debug|Any CPU
		{9AE16DF4-7AB7-4CDA-A78E-73D753C03494}.Debug|Any CPU.Build.0 = Debug|Any CPU
		{9AE16DF4-7AB7-4CDA-A78E-73D753C03494}.Release|Any CPU.ActiveCfg = Release|Any CPU
		{9AE16DF4-7AB7-4CDA-A78E-73D753C03494}.Release|Any CPU.Build.0 = Release|Any CPU
		{0DE3A992-BAF2-45E3-85AC-5898ECB5C3DA}.Debug|Any CPU.ActiveCfg = Debug|Any CPU
		{0DE3A992-BAF2-45E3-85AC-5898ECB5C3DA}.Debug|Any CPU.Build.0 = Debug|Any CPU
		{0DE3A992-BAF2-45E3-85AC-5898ECB5C3DA}.Release|Any CPU.ActiveCfg = Release|Any CPU
		{0DE3A992-BAF2-45E3-85AC-5898ECB5C3DA}.Release|Any CPU.Build.0 = Release|Any CPU
		{F31B206B-98DA-4055-B9D1-F0B9ABB572B8}.Debug|Any CPU.ActiveCfg = Debug|Any CPU
		{F31B206B-98DA-4055-B9D1-F0B9ABB572B8}.Debug|Any CPU.Build.0 = Debug|Any CPU
		{F31B206B-98DA-4055-B9D1-F0B9ABB572B8}.Release|Any CPU.ActiveCfg = Release|Any CPU
		{F31B206B-98DA-4055-B9D1-F0B9ABB572B8}.Release|Any CPU.Build.0 = Release|Any CPU
		{600640B0-5017-4C1B-9B64-2E3199218171}.Debug|Any CPU.ActiveCfg = Debug|Any CPU
		{600640B0-5017-4C1B-9B64-2E3199218171}.Debug|Any CPU.Build.0 = Debug|Any CPU
		{600640B0-5017-4C1B-9B64-2E3199218171}.Release|Any CPU.ActiveCfg = Release|Any CPU
		{600640B0-5017-4C1B-9B64-2E3199218171}.Release|Any CPU.Build.0 = Release|Any CPU
	EndGlobalSection
	GlobalSection(SolutionProperties) = preSolution
		HideSolutionNode = FALSE
	EndGlobalSection
	GlobalSection(NestedProjects) = preSolution
		{8FD6CF8C-1D27-481D-A02B-993F5978519D} = {B40DA6CC-86A1-4195-B8CC-D207DEE67853}
		{7AA2C1BE-C992-4FBE-BB27-4ED79071C707} = {8FD6CF8C-1D27-481D-A02B-993F5978519D}
		{D43FB6EF-89BB-4669-A3F0-E320C9054F70} = {8FD6CF8C-1D27-481D-A02B-993F5978519D}
		{216AA625-B483-4439-9E70-CAC78D5BD5B4} = {8FD6CF8C-1D27-481D-A02B-993F5978519D}
		{4F886A0E-4401-459D-8733-FEF747DF5B3E} = {B40DA6CC-86A1-4195-B8CC-D207DEE67853}
		{5285471F-8AF7-4029-B9AF-BC33FD4C4FDA} = {4F886A0E-4401-459D-8733-FEF747DF5B3E}
		{7B81F716-13D1-4222-BC1B-0D2243CD64AC} = {4F886A0E-4401-459D-8733-FEF747DF5B3E}
		{62517E12-7B8A-4BDE-882C-880B07DA051F} = {C689BCA0-5597-4DE2-9934-32B78F9EF6CD}
		{C689BCA0-5597-4DE2-9934-32B78F9EF6CD} = {EE72FB33-04D8-486B-B6D3-DD47FEE29525}
		{BDB8F6A0-6354-4862-9482-56053D145B03} = {C689BCA0-5597-4DE2-9934-32B78F9EF6CD}
		{4BB374C2-B348-4A30-9CC9-C05E0C6B0156} = {C689BCA0-5597-4DE2-9934-32B78F9EF6CD}
		{B5AC9854-88EB-4C3C-8ED1-BE314477B631} = {C689BCA0-5597-4DE2-9934-32B78F9EF6CD}
		{8A0D34EA-72F8-4D73-8B18-BBC22D259CA5} = {EE72FB33-04D8-486B-B6D3-DD47FEE29525}
		{48270032-DFCE-4C5D-A459-9EEEB95537BE} = {8A0D34EA-72F8-4D73-8B18-BBC22D259CA5}
		{2C021895-CCE1-4198-B7F8-F35A61501C4D} = {E59DE5B4-F1BD-48C2-BB8A-425AEDE7C72A}
		{170C078E-AE0B-4819-8C2F-BF2CAD073543} = {2C021895-CCE1-4198-B7F8-F35A61501C4D}
		{830000C9-0EE6-4C82-89B0-7F9BEFC05C41} = {05078B1A-FB24-4A05-A80F-0CC7E9690AF3}
		{2E86A809-005D-4F10-BF31-0C15B8C6770B} = {05078B1A-FB24-4A05-A80F-0CC7E9690AF3}
		{25138262-67B2-46A2-841B-1813A31F3519} = {830000C9-0EE6-4C82-89B0-7F9BEFC05C41}
		{86D1FF13-51B6-4FB8-9D43-CCD5DE935EA6} = {830000C9-0EE6-4C82-89B0-7F9BEFC05C41}
		{9AE16DF4-7AB7-4CDA-A78E-73D753C03494} = {830000C9-0EE6-4C82-89B0-7F9BEFC05C41}
		{0DE3A992-BAF2-45E3-85AC-5898ECB5C3DA} = {830000C9-0EE6-4C82-89B0-7F9BEFC05C41}
		{F31B206B-98DA-4055-B9D1-F0B9ABB572B8} = {2E86A809-005D-4F10-BF31-0C15B8C6770B}
	EndGlobalSection
	GlobalSection(ExtensibilityGlobals) = postSolution
		SolutionGuid = {5DCF3579-CFA7-48A6-A1E6-0A9CEE2CF530}
	EndGlobalSection
EndGlobal
